
Microsoft Visual Studio Solution File, Format Version 12.00
# Visual Studio Version 17
VisualStudioVersion = 17.12.35707.178 d17.12
MinimumVisualStudioVersion = 10.0.40219.1
Project("{FAE04EC0-301F-11D3-BF4B-00C04F79EFBC}") = "MLDotNet", "MLDotNet\MLDotNet.csproj", "{C8E396C8-3121-46AB-AF1D-73214B4C5A65}"
EndProject
Global
	GlobalSection(SolutionConfigurationPlatforms) = preSolution
		Debug|Any CPU = Debug|Any CPU
		Release|Any CPU = Release|Any CPU
	EndGlobalSection
	GlobalSection(ProjectConfigurationPlatforms) = postSolution
		{C8E396C8-3121-46AB-AF1D-73214B4C5A65}.Debug|Any CPU.ActiveCfg = Debug|Any CPU
		{C8E396C8-3121-46AB-AF1D-73214B4C5A65}.Debug|Any CPU.Build.0 = Debug|Any CPU
		{C8E396C8-3121-46AB-AF1D-73214B4C5A65}.Release|Any CPU.ActiveCfg = Release|Any CPU
		{C8E396C8-3121-46AB-AF1D-73214B4C5A65}.Release|Any CPU.Build.0 = Release|Any CPU
	EndGlobalSection
	GlobalSection(SolutionProperties) = preSolution
		HideSolutionNode = FALSE
	EndGlobalSection
EndGlobal
